
Microsoft Visual Studio Solution File, Format Version 12.00
# Visual Studio Version 17
VisualStudioVersion = 17.4.33213.308
MinimumVisualStudioVersion = 10.0.40219.1
Project("{FAE04EC0-301F-11D3-BF4B-00C04F79EFBC}") = "ChallengeApp", "ChallengeApp\ChallengeApp.csproj", "{E66674C2-3803-4D97-9A21-DD75BD819625}"
EndProject
Global
	GlobalSection(SolutionConfigurationPlatforms) = preSolution
		Debug|Any CPU = Debug|Any CPU
		Release|Any CPU = Release|Any CPU
	EndGlobalSection
	GlobalSection(ProjectConfigurationPlatforms) = postSolution
		{E66674C2-3803-4D97-9A21-DD75BD819625}.Debug|Any CPU.ActiveCfg = Debug|Any CPU
		{E66674C2-3803-4D97-9A21-DD75BD819625}.Debug|Any CPU.Build.0 = Debug|Any CPU
		{E66674C2-3803-4D97-9A21-DD75BD819625}.Release|Any CPU.ActiveCfg = Release|Any CPU
		{E66674C2-3803-4D97-9A21-DD75BD819625}.Release|Any CPU.Build.0 = Release|Any CPU
	EndGlobalSection
	GlobalSection(SolutionProperties) = preSolution
		HideSolutionNode = FALSE
	EndGlobalSection
	GlobalSection(ExtensibilityGlobals) = postSolution
		SolutionGuid = {3034254F-59EE-43E6-9192-4A87D801AE3C}
	EndGlobalSection
EndGlobal
